
Microsoft Visual Studio Solution File, Format Version 12.00
# Visual Studio Version 17
VisualStudioVersion = 17.4.33213.308
MinimumVisualStudioVersion = 10.0.40219.1
Project("{FAE04EC0-301F-11D3-BF4B-00C04F79EFBC}") = "UserLogin", "UserLogin\UserLogin.csproj", "{5676B809-BF30-45CF-BFC5-38E589024BB1}"
EndProject
Project("{9A19103F-16F7-4668-BE54-9A1E7A4F7556}") = "StudentInfoSystem.", "StudentInfoSystem\StudentInfoSystem..csproj", "{34AF18E5-3D94-4DDE-AF9A-01360527A548}"
EndProject
Project("{FAE04EC0-301F-11D3-BF4B-00C04F79EFBC}") = "WPFHello", "WPFHello\WPFHello.csproj", "{571076F1-64C1-4703-964B-9F69B3133F4D}"
EndProject
Global
	GlobalSection(SolutionConfigurationPlatforms) = preSolution
		Debug|Any CPU = Debug|Any CPU
		Release|Any CPU = Release|Any CPU
	EndGlobalSection
	GlobalSection(ProjectConfigurationPlatforms) = postSolution
		{5676B809-BF30-45CF-BFC5-38E589024BB1}.Debug|Any CPU.ActiveCfg = Debug|Any CPU
		{5676B809-BF30-45CF-BFC5-38E589024BB1}.Debug|Any CPU.Build.0 = Debug|Any CPU
		{5676B809-BF30-45CF-BFC5-38E589024BB1}.Release|Any CPU.ActiveCfg = Release|Any CPU
		{5676B809-BF30-45CF-BFC5-38E589024BB1}.Release|Any CPU.Build.0 = Release|Any CPU
		{34AF18E5-3D94-4DDE-AF9A-01360527A548}.Debug|Any CPU.ActiveCfg = Debug|Any CPU
		{34AF18E5-3D94-4DDE-AF9A-01360527A548}.Debug|Any CPU.Build.0 = Debug|Any CPU
		{34AF18E5-3D94-4DDE-AF9A-01360527A548}.Release|Any CPU.ActiveCfg = Release|Any CPU
		{34AF18E5-3D94-4DDE-AF9A-01360527A548}.Release|Any CPU.Build.0 = Release|Any CPU
		{571076F1-64C1-4703-964B-9F69B3133F4D}.Debug|Any CPU.ActiveCfg = Debug|Any CPU
		{571076F1-64C1-4703-964B-9F69B3133F4D}.Debug|Any CPU.Build.0 = Debug|Any CPU
		{571076F1-64C1-4703-964B-9F69B3133F4D}.Release|Any CPU.ActiveCfg = Release|Any CPU
		{571076F1-64C1-4703-964B-9F69B3133F4D}.Release|Any CPU.Build.0 = Release|Any CPU
	EndGlobalSection
	GlobalSection(SolutionProperties) = preSolution
		HideSolutionNode = FALSE
	EndGlobalSection
	GlobalSection(ExtensibilityGlobals) = postSolution
		SolutionGuid = {D9F9D788-A76F-4D52-998F-92CA2A86CB9D}
	EndGlobalSection
EndGlobal
